// !$*UTF8*$!
{
	archiveVersion = 1;
	classes = {
	};
	objectVersion = 50;
	objects = {

/* Begin PBXBuildFile section */
		276FEDC0270E3C24006808F2 /* AppDelegate.swift in Sources */ = {isa = PBXBuildFile; fileRef = 276FEDBF270E3C24006808F2 /* AppDelegate.swift */; };
		276FEDC2270E3C24006808F2 /* SceneDelegate.swift in Sources */ = {isa = PBXBuildFile; fileRef = 276FEDC1270E3C24006808F2 /* SceneDelegate.swift */; };
		276FEDC4270E3C24006808F2 /* ViewController.swift in Sources */ = {isa = PBXBuildFile; fileRef = 276FEDC3270E3C24006808F2 /* ViewController.swift */; };
		276FEDC7270E3C24006808F2 /* Main.storyboard in Resources */ = {isa = PBXBuildFile; fileRef = 276FEDC5270E3C24006808F2 /* Main.storyboard */; };
		276FEDC9270E3C26006808F2 /* Assets.xcassets in Resources */ = {isa = PBXBuildFile; fileRef = 276FEDC8270E3C26006808F2 /* Assets.xcassets */; };
		276FEDCC270E3C26006808F2 /* LaunchScreen.storyboard in Resources */ = {isa = PBXBuildFile; fileRef = 276FEDCA270E3C26006808F2 /* LaunchScreen.storyboard */; };
		276FEDD7270E3C26006808F2 /* ApplePie_MannoTests.swift in Sources */ = {isa = PBXBuildFile; fileRef = 276FEDD6270E3C26006808F2 /* ApplePie_MannoTests.swift */; };
		276FEDE2270E3C26006808F2 /* ApplePie_MannoUITests.swift in Sources */ = {isa = PBXBuildFile; fileRef = 276FEDE1270E3C26006808F2 /* ApplePie_MannoUITests.swift */; };
		276FEDF0270EA29E006808F2 /* Game.swift in Sources */ = {isa = PBXBuildFile; fileRef = 276FEDEF270EA29E006808F2 /* Game.swift */; };
/* End PBXBuildFile section */

/* Begin PBXContainerItemProxy section */
		276FEDD3270E3C26006808F2 /* PBXContainerItemProxy */ = {
			isa = PBXContainerItemProxy;
			containerPortal = 276FEDB4270E3C24006808F2 /* Project object */;
			proxyType = 1;
			remoteGlobalIDString = 276FEDBB270E3C24006808F2;
			remoteInfo = ApplePie_Manno;
		};
		276FEDDE270E3C26006808F2 /* PBXContainerItemProxy */ = {
			isa = PBXContainerItemProxy;
			containerPortal = 276FEDB4270E3C24006808F2 /* Project object */;
			proxyType = 1;
			remoteGlobalIDString = 276FEDBB270E3C24006808F2;
			remoteInfo = ApplePie_Manno;
		};
/* End PBXContainerItemProxy section */

/* Begin PBXFileReference section */
		276FEDBC270E3C24006808F2 /* ApplePie_Manno.app */ = {isa = PBXFileReference; explicitFileType = wrapper.application; includeInIndex = 0; path = ApplePie_Manno.app; sourceTree = BUILT_PRODUCTS_DIR; };
		276FEDBF270E3C24006808F2 /* AppDelegate.swift */ = {isa = PBXFileReference; lastKnownFileType = sourcecode.swift; path = AppDelegate.swift; sourceTree = "<group>"; };
		276FEDC1270E3C24006808F2 /* SceneDelegate.swift */ = {isa = PBXFileReference; lastKnownFileType = sourcecode.swift; path = SceneDelegate.swift; sourceTree = "<group>"; };
		276FEDC3270E3C24006808F2 /* ViewController.swift */ = {isa = PBXFileReference; lastKnownFileType = sourcecode.swift; path = ViewController.swift; sourceTree = "<group>"; };
		276FEDC6270E3C24006808F2 /* Base */ = {isa = PBXFileReference; lastKnownFileType = file.storyboard; name = Base; path = Base.lproj/Main.storyboard; sourceTree = "<group>"; };
		276FEDC8270E3C26006808F2 /* Assets.xcassets */ = {isa = PBXFileReference; lastKnownFileType = folder.assetcatalog; path = Assets.xcassets; sourceTree = "<group>"; };
		276FEDCB270E3C26006808F2 /* Base */ = {isa = PBXFileReference; lastKnownFileType = file.storyboard; name = Base; path = Base.lproj/LaunchScreen.storyboard; sourceTree = "<group>"; };
		276FEDCD270E3C26006808F2 /* Info.plist */ = {isa = PBXFileReference; lastKnownFileType = text.plist.xml; path = Info.plist; sourceTree = "<group>"; };
		276FEDD2270E3C26006808F2 /* ApplePie_MannoTests.xctest */ = {isa = PBXFileReference; explicitFileType = wrapper.cfbundle; includeInIndex = 0; path = ApplePie_MannoTests.xctest; sourceTree = BUILT_PRODUCTS_DIR; };
		276FEDD6270E3C26006808F2 /* ApplePie_MannoTests.swift */ = {isa = PBXFileReference; lastKnownFileType = sourcecode.swift; path = ApplePie_MannoTests.swift; sourceTree = "<group>"; };
		276FEDD8270E3C26006808F2 /* Info.plist */ = {isa = PBXFileReference; lastKnownFileType = text.plist.xml; path = Info.plist; sourceTree = "<group>"; };
		276FEDDD270E3C26006808F2 /* ApplePie_MannoUITests.xctest */ = {isa = PBXFileReference; explicitFileType = wrapper.cfbundle; includeInIndex = 0; path = ApplePie_MannoUITests.xctest; sourceTree = BUILT_PRODUCTS_DIR; };
		276FEDE1270E3C26006808F2 /* ApplePie_MannoUITests.swift */ = {isa = PBXFileReference; lastKnownFileType = sourcecode.swift; path = ApplePie_MannoUITests.swift; sourceTree = "<group>"; };
		276FEDE3270E3C26006808F2 /* Info.plist */ = {isa = PBXFileReference; lastKnownFileType = text.plist.xml; path = Info.plist; sourceTree = "<group>"; };
		276FEDEF270EA29E006808F2 /* Game.swift */ = {isa = PBXFileReference; lastKnownFileType = sourcecode.swift; path = Game.swift; sourceTree = "<group>"; };
/* End PBXFileReference section */

/* Begin PBXFrameworksBuildPhase section */
		276FEDB9270E3C24006808F2 /* Frameworks */ = {
			isa = PBXFrameworksBuildPhase;
			buildActionMask = 2147483647;
			files = (
			);
			runOnlyForDeploymentPostprocessing = 0;
		};
		276FEDCF270E3C26006808F2 /* Frameworks */ = {
			isa = PBXFrameworksBuildPhase;
			buildActionMask = 2147483647;
			files = (
			);
			runOnlyForDeploymentPostprocessing = 0;
		};
		276FEDDA270E3C26006808F2 /* Frameworks */ = {
			isa = PBXFrameworksBuildPhase;
			buildActionMask = 2147483647;
			files = (
			);
			runOnlyForDeploymentPostprocessing = 0;
		};
/* End PBXFrameworksBuildPhase section */

/* Begin PBXGroup section */
		276FEDB3270E3C24006808F2 = {
			isa = PBXGroup;
			children = (
				276FEDBE270E3C24006808F2 /* ApplePie_Manno */,
				276FEDD5270E3C26006808F2 /* ApplePie_MannoTests */,
				276FEDE0270E3C26006808F2 /* ApplePie_MannoUITests */,
				276FEDBD270E3C24006808F2 /* Products */,
			);
			sourceTree = "<group>";
		};
		276FEDBD270E3C24006808F2 /* Products */ = {
			isa = PBXGroup;
			children = (
				276FEDBC270E3C24006808F2 /* ApplePie_Manno.app */,
				276FEDD2270E3C26006808F2 /* ApplePie_MannoTests.xctest */,
				276FEDDD270E3C26006808F2 /* ApplePie_MannoUITests.xctest */,
			);
			name = Products;
			sourceTree = "<group>";
		};
		276FEDBE270E3C24006808F2 /* ApplePie_Manno */ = {
			isa = PBXGroup;
			children = (
				276FEDBF270E3C24006808F2 /* AppDelegate.swift */,
				276FEDC1270E3C24006808F2 /* SceneDelegate.swift */,
				276FEDC3270E3C24006808F2 /* ViewController.swift */,
				276FEDEF270EA29E006808F2 /* Game.swift */,
				276FEDC5270E3C24006808F2 /* Main.storyboard */,
				276FEDC8270E3C26006808F2 /* Assets.xcassets */,
				276FEDCA270E3C26006808F2 /* LaunchScreen.storyboard */,
				276FEDCD270E3C26006808F2 /* Info.plist */,
			);
			path = ApplePie_Manno;
			sourceTree = "<group>";
		};
		276FEDD5270E3C26006808F2 /* ApplePie_MannoTests */ = {
			isa = PBXGroup;
			children = (
				276FEDD6270E3C26006808F2 /* ApplePie_MannoTests.swift */,
				276FEDD8270E3C26006808F2 /* Info.plist */,
			);
			path = ApplePie_MannoTests;
			sourceTree = "<group>";
		};
		276FEDE0270E3C26006808F2 /* ApplePie_MannoUITests */ = {
			isa = PBXGroup;
			children = (
				276FEDE1270E3C26006808F2 /* ApplePie_MannoUITests.swift */,
				276FEDE3270E3C26006808F2 /* Info.plist */,
			);
			path = ApplePie_MannoUITests;
			sourceTree = "<group>";
		};
/* End PBXGroup section */

/* Begin PBXNativeTarget section */
		276FEDBB270E3C24006808F2 /* ApplePie_Manno */ = {
			isa = PBXNativeTarget;
			buildConfigurationList = 276FEDE6270E3C26006808F2 /* Build configuration list for PBXNativeTarget "ApplePie_Manno" */;
			buildPhases = (
				276FEDB8270E3C24006808F2 /* Sources */,
				276FEDB9270E3C24006808F2 /* Frameworks */,
				276FEDBA270E3C24006808F2 /* Resources */,
			);
			buildRules = (
			);
			dependencies = (
			);
			name = ApplePie_Manno;
			productName = ApplePie_Manno;
			productReference = 276FEDBC270E3C24006808F2 /* ApplePie_Manno.app */;
			productType = "com.apple.product-type.application";
		};
		276FEDD1270E3C26006808F2 /* ApplePie_MannoTests */ = {
			isa = PBXNativeTarget;
			buildConfigurationList = 276FEDE9270E3C26006808F2 /* Build configuration list for PBXNativeTarget "ApplePie_MannoTests" */;
			buildPhases = (
				276FEDCE270E3C26006808F2 /* Sources */,
				276FEDCF270E3C26006808F2 /* Frameworks */,
				276FEDD0270E3C26006808F2 /* Resources */,
			);
			buildRules = (
			);
			dependencies = (
				276FEDD4270E3C26006808F2 /* PBXTargetDependency */,
			);
			name = ApplePie_MannoTests;
			productName = ApplePie_MannoTests;
			productReference = 276FEDD2270E3C26006808F2 /* ApplePie_MannoTests.xctest */;
			productType = "com.apple.product-type.bundle.unit-test";
		};
		276FEDDC270E3C26006808F2 /* ApplePie_MannoUITests */ = {
			isa = PBXNativeTarget;
			buildConfigurationList = 276FEDEC270E3C26006808F2 /* Build configuration list for PBXNativeTarget "ApplePie_MannoUITests" */;
			buildPhases = (
				276FEDD9270E3C26006808F2 /* Sources */,
				276FEDDA270E3C26006808F2 /* Frameworks */,
				276FEDDB270E3C26006808F2 /* Resources */,
			);
			buildRules = (
			);
			dependencies = (
				276FEDDF270E3C26006808F2 /* PBXTargetDependency */,
			);
			name = ApplePie_MannoUITests;
			productName = ApplePie_MannoUITests;
			productReference = 276FEDDD270E3C26006808F2 /* ApplePie_MannoUITests.xctest */;
			productType = "com.apple.product-type.bundle.ui-testing";
		};
/* End PBXNativeTarget section */

/* Begin PBXProject section */
		276FEDB4270E3C24006808F2 /* Project object */ = {
			isa = PBXProject;
			attributes = {
				LastSwiftUpdateCheck = 1250;
				LastUpgradeCheck = 1250;
				TargetAttributes = {
					276FEDBB270E3C24006808F2 = {
						CreatedOnToolsVersion = 12.5.1;
					};
					276FEDD1270E3C26006808F2 = {
						CreatedOnToolsVersion = 12.5.1;
						TestTargetID = 276FEDBB270E3C24006808F2;
					};
					276FEDDC270E3C26006808F2 = {
						CreatedOnToolsVersion = 12.5.1;
						TestTargetID = 276FEDBB270E3C24006808F2;
					};
				};
			};
			buildConfigurationList = 276FEDB7270E3C24006808F2 /* Build configuration list for PBXProject "ApplePie_Manno" */;
			compatibilityVersion = "Xcode 9.3";
			developmentRegion = en;
			hasScannedForEncodings = 0;
			knownRegions = (
				en,
				Base,
			);
			mainGroup = 276FEDB3270E3C24006808F2;
			productRefGroup = 276FEDBD270E3C24006808F2 /* Products */;
			projectDirPath = "";
			projectRoot = "";
			targets = (
				276FEDBB270E3C24006808F2 /* ApplePie_Manno */,
				276FEDD1270E3C26006808F2 /* ApplePie_MannoTests */,
				276FEDDC270E3C26006808F2 /* ApplePie_MannoUITests */,
			);
		};
/* End PBXProject section */

/* Begin PBXResourcesBuildPhase section */
		276FEDBA270E3C24006808F2 /* Resources */ = {
			isa = PBXResourcesBuildPhase;
			buildActionMask = 2147483647;
			files = (
				276FEDCC270E3C26006808F2 /* LaunchScreen.storyboard in Resources */,
				276FEDC9270E3C26006808F2 /* Assets.xcassets in Resources */,
				276FEDC7270E3C24006808F2 /* Main.storyboard in Resources */,
			);
			runOnlyForDeploymentPostprocessing = 0;
		};
		276FEDD0270E3C26006808F2 /* Resources */ = {
			isa = PBXResourcesBuildPhase;
			buildActionMask = 2147483647;
			files = (
			);
			runOnlyForDeploymentPostprocessing = 0;
		};
		276FEDDB270E3C26006808F2 /* Resources */ = {
			isa = PBXResourcesBuildPhase;
			buildActionMask = 2147483647;
			files = (
			);
			runOnlyForDeploymentPostprocessing = 0;
		};
/* End PBXResourcesBuildPhase section */

/* Begin PBXSourcesBuildPhase section */
		276FEDB8270E3C24006808F2 /* Sources */ = {
			isa = PBXSourcesBuildPhase;
			buildActionMask = 2147483647;
			files = (
				276FEDC4270E3C24006808F2 /* ViewController.swift in Sources */,
				276FEDC0270E3C24006808F2 /* AppDelegate.swift in Sources */,
				276FEDC2270E3C24006808F2 /* SceneDelegate.swift in Sources */,
				276FEDF0270EA29E006808F2 /* Game.swift in Sources */,
			);
			runOnlyForDeploymentPostprocessing = 0;
		};
		276FEDCE270E3C26006808F2 /* Sources */ = {
			isa = PBXSourcesBuildPhase;
			buildActionMask = 2147483647;
			files = (
				276FEDD7270E3C26006808F2 /* ApplePie_MannoTests.swift in Sources */,
			);
			runOnlyForDeploymentPostprocessing = 0;
		};
		276FEDD9270E3C26006808F2 /* Sources */ = {
			isa = PBXSourcesBuildPhase;
			buildActionMask = 2147483647;
			files = (
				276FEDE2270E3C26006808F2 /* ApplePie_MannoUITests.swift in Sources */,
			);
			runOnlyForDeploymentPostprocessing = 0;
		};
/* End PBXSourcesBuildPhase section */

/* Begin PBXTargetDependency section */
		276FEDD4270E3C26006808F2 /* PBXTargetDependency */ = {
			isa = PBXTargetDependency;
			target = 276FEDBB270E3C24006808F2 /* ApplePie_Manno */;
			targetProxy = 276FEDD3270E3C26006808F2 /* PBXContainerItemProxy */;
		};
		276FEDDF270E3C26006808F2 /* PBXTargetDependency */ = {
			isa = PBXTargetDependency;
			target = 276FEDBB270E3C24006808F2 /* ApplePie_Manno */;
			targetProxy = 276FEDDE270E3C26006808F2 /* PBXContainerItemProxy */;
		};
/* End PBXTargetDependency section */

/* Begin PBXVariantGroup section */
		276FEDC5270E3C24006808F2 /* Main.storyboard */ = {
			isa = PBXVariantGroup;
			children = (
				276FEDC6270E3C24006808F2 /* Base */,
			);
			name = Main.storyboard;
			sourceTree = "<group>";
		};
		276FEDCA270E3C26006808F2 /* LaunchScreen.storyboard */ = {
			isa = PBXVariantGroup;
			children = (
				276FEDCB270E3C26006808F2 /* Base */,
			);
			name = LaunchScreen.storyboard;
			sourceTree = "<group>";
		};
/* End PBXVariantGroup section */

/* Begin XCBuildConfiguration section */
		276FEDE4270E3C26006808F2 /* Debug */ = {
			isa = XCBuildConfiguration;
			buildSettings = {
				ALWAYS_SEARCH_USER_PATHS = NO;
				CLANG_ANALYZER_NONNULL = YES;
				CLANG_ANALYZER_NUMBER_OBJECT_CONVERSION = YES_AGGRESSIVE;
				CLANG_CXX_LANGUAGE_STANDARD = "gnu++14";
				CLANG_CXX_LIBRARY = "libc++";
				CLANG_ENABLE_MODULES = YES;
				CLANG_ENABLE_OBJC_ARC = YES;
				CLANG_ENABLE_OBJC_WEAK = YES;
				CLANG_WARN_BLOCK_CAPTURE_AUTORELEASING = YES;
				CLANG_WARN_BOOL_CONVERSION = YES;
				CLANG_WARN_COMMA = YES;
				CLANG_WARN_CONSTANT_CONVERSION = YES;
				CLANG_WARN_DEPRECATED_OBJC_IMPLEMENTATIONS = YES;
				CLANG_WARN_DIRECT_OBJC_ISA_USAGE = YES_ERROR;
				CLANG_WARN_DOCUMENTATION_COMMENTS = YES;
				CLANG_WARN_EMPTY_BODY = YES;
				CLANG_WARN_ENUM_CONVERSION = YES;
				CLANG_WARN_INFINITE_RECURSION = YES;
				CLANG_WARN_INT_CONVERSION = YES;
				CLANG_WARN_NON_LITERAL_NULL_CONVERSION = YES;
				CLANG_WARN_OBJC_IMPLICIT_RETAIN_SELF = YES;
				CLANG_WARN_OBJC_LITERAL_CONVERSION = YES;
				CLANG_WARN_OBJC_ROOT_CLASS = YES_ERROR;
				CLANG_WARN_QUOTED_INCLUDE_IN_FRAMEWORK_HEADER = YES;
				CLANG_WARN_RANGE_LOOP_ANALYSIS = YES;
				CLANG_WARN_STRICT_PROTOTYPES = YES;
				CLANG_WARN_SUSPICIOUS_MOVE = YES;
				CLANG_WARN_UNGUARDED_AVAILABILITY = YES_AGGRESSIVE;
				CLANG_WARN_UNREACHABLE_CODE = YES;
				CLANG_WARN__DUPLICATE_METHOD_MATCH = YES;
				COPY_PHASE_STRIP = NO;
				DEBUG_INFORMATION_FORMAT = dwarf;
				ENABLE_STRICT_OBJC_MSGSEND = YES;
				ENABLE_TESTABILITY = YES;
				GCC_C_LANGUAGE_STANDARD = gnu11;
				GCC_DYNAMIC_NO_PIC = NO;
				GCC_NO_COMMON_BLOCKS = YES;
				GCC_OPTIMIZATION_LEVEL = 0;
				GCC_PREPROCESSOR_DEFINITIONS = (
					"DEBUG=1",
					"$(inherited)",
				);
				GCC_WARN_64_TO_32_BIT_CONVERSION = YES;
				GCC_WARN_ABOUT_RETURN_TYPE = YES_ERROR;
				GCC_WARN_UNDECLARED_SELECTOR = YES;
				GCC_WARN_UNINITIALIZED_AUTOS = YES_AGGRESSIVE;
				GCC_WARN_UNUSED_FUNCTION = YES;
				GCC_WARN_UNUSED_VARIABLE = YES;
				IPHONEOS_DEPLOYMENT_TARGET = 14.5;
				MTL_ENABLE_DEBUG_INFO = INCLUDE_SOURCE;
				MTL_FAST_MATH = YES;
				ONLY_ACTIVE_ARCH = YES;
				SDKROOT = iphoneos;
				SWIFT_ACTIVE_COMPILATION_CONDITIONS = DEBUG;
				SWIFT_OPTIMIZATION_LEVEL = "-Onone";
			};
			name = Debug;
		};
		276FEDE5270E3C26006808F2 /* Release */ = {
			isa = XCBuildConfiguration;
			buildSettings = {
				ALWAYS_SEARCH_USER_PATHS = NO;
				CLANG_ANALYZER_NONNULL = YES;
				CLANG_ANALYZER_NUMBER_OBJECT_CONVERSION = YES_AGGRESSIVE;
				CLANG_CXX_LANGUAGE_STANDARD = "gnu++14";
				CLANG_CXX_LIBRARY = "libc++";
				CLANG_ENABLE_MODULES = YES;
				CLANG_ENABLE_OBJC_ARC = YES;
				CLANG_ENABLE_OBJC_WEAK = YES;
				CLANG_WARN_BLOCK_CAPTURE_AUTORELEASING = YES;
				CLANG_WARN_BOOL_CONVERSION = YES;
				CLANG_WARN_COMMA = YES;
				CLANG_WARN_CONSTANT_CONVERSION = YES;
				CLANG_WARN_DEPRECATED_OBJC_IMPLEMENTATIONS = YES;
				CLANG_WARN_DIRECT_OBJC_ISA_USAGE = YES_ERROR;
				CLANG_WARN_DOCUMENTATION_COMMENTS = YES;
				CLANG_WARN_EMPTY_BODY = YES;
				CLANG_WARN_ENUM_CONVERSION = YES;
				CLANG_WARN_INFINITE_RECURSION = YES;
				CLANG_WARN_INT_CONVERSION = YES;
				CLANG_WARN_NON_LITERAL_NULL_CONVERSION = YES;
				CLANG_WARN_OBJC_IMPLICIT_RETAIN_SELF = YES;
				CLANG_WARN_OBJC_LITERAL_CONVERSION = YES;
				CLANG_WARN_OBJC_ROOT_CLASS = YES_ERROR;
				CLANG_WARN_QUOTED_INCLUDE_IN_FRAMEWORK_HEADER = YES;
				CLANG_WARN_RANGE_LOOP_ANALYSIS = YES;
				CLANG_WARN_STRICT_PROTOTYPES = YES;
				CLANG_WARN_SUSPICIOUS_MOVE = YES;
				CLANG_WARN_UNGUARDED_AVAILABILITY = YES_AGGRESSIVE;
				CLANG_WARN_UNREACHABLE_CODE = YES;
				CLANG_WARN__DUPLICATE_METHOD_MATCH = YES;
				COPY_PHASE_STRIP = NO;
				DEBUG_INFORMATION_FORMAT = "dwarf-with-dsym";
				ENABLE_NS_ASSERTIONS = NO;
				ENABLE_STRICT_OBJC_MSGSEND = YES;
				GCC_C_LANGUAGE_STANDARD = gnu11;
				GCC_NO_COMMON_BLOCKS = YES;
				GCC_WARN_64_TO_32_BIT_CONVERSION = YES;
				GCC_WARN_ABOUT_RETURN_TYPE = YES_ERROR;
				GCC_WARN_UNDECLARED_SELECTOR = YES;
				GCC_WARN_UNINITIALIZED_AUTOS = YES_AGGRESSIVE;
				GCC_WARN_UNUSED_FUNCTION = YES;
				GCC_WARN_UNUSED_VARIABLE = YES;
				IPHONEOS_DEPLOYMENT_TARGET = 14.5;
				MTL_ENABLE_DEBUG_INFO = NO;
				MTL_FAST_MATH = YES;
				SDKROOT = iphoneos;
				SWIFT_COMPILATION_MODE = wholemodule;
				SWIFT_OPTIMIZATION_LEVEL = "-O";
				VALIDATE_PRODUCT = YES;
			};
			name = Release;
		};
		276FEDE7270E3C26006808F2 /* Debug */ = {
			isa = XCBuildConfiguration;
			buildSettings = {
				ASSETCATALOG_COMPILER_APPICON_NAME = AppIcon;
				ASSETCATALOG_COMPILER_GLOBAL_ACCENT_COLOR_NAME = AccentColor;
				CODE_SIGN_STYLE = Automatic;
				DEVELOPMENT_TEAM = YW3ANG76MZ;
				INFOPLIST_FILE = ApplePie_Manno/Info.plist;
				LD_RUNPATH_SEARCH_PATHS = (
					"$(inherited)",
					"@executable_path/Frameworks",
				);
				PRODUCT_BUNDLE_IDENTIFIER = "com.stevenmanno.ApplePie-Manno";
				PRODUCT_NAME = "$(TARGET_NAME)";
				SWIFT_VERSION = 5.0;
				TARGETED_DEVICE_FAMILY = 2;
			};
			name = Debug;
		};
		276FEDE8270E3C26006808F2 /* Release */ = {
			isa = XCBuildConfiguration;
			buildSettings = {
				ASSETCATALOG_COMPILER_APPICON_NAME = AppIcon;
				ASSETCATALOG_COMPILER_GLOBAL_ACCENT_COLOR_NAME = AccentColor;
				CODE_SIGN_STYLE = Automatic;
				DEVELOPMENT_TEAM = YW3ANG76MZ;
				INFOPLIST_FILE = ApplePie_Manno/Info.plist;
				LD_RUNPATH_SEARCH_PATHS = (
					"$(inherited)",
					"@executable_path/Frameworks",
				);
				PRODUCT_BUNDLE_IDENTIFIER = "com.stevenmanno.ApplePie-Manno";
				PRODUCT_NAME = "$(TARGET_NAME)";
				SWIFT_VERSION = 5.0;
				TARGETED_DEVICE_FAMILY = 2;
			};
			name = Release;
		};
		276FEDEA270E3C26006808F2 /* Debug */ = {
			isa = XCBuildConfiguration;
			buildSettings = {
				ALWAYS_EMBED_SWIFT_STANDARD_LIBRARIES = YES;
				BUNDLE_LOADER = "$(TEST_HOST)";
				CODE_SIGN_STYLE = Automatic;
				DEVELOPMENT_TEAM = YW3ANG76MZ;
				INFOPLIST_FILE = ApplePie_MannoTests/Info.plist;
				IPHONEOS_DEPLOYMENT_TARGET = 14.5;
				LD_RUNPATH_SEARCH_PATHS = (
					"$(inherited)",
					"@executable_path/Frameworks",
					"@loader_path/Frameworks",
				);
				PRODUCT_BUNDLE_IDENTIFIER = "com.stevenmanno.ApplePie-MannoTests";
				PRODUCT_NAME = "$(TARGET_NAME)";
				SWIFT_VERSION = 5.0;
				TARGETED_DEVICE_FAMILY = "1,2";
				TEST_HOST = "$(BUILT_PRODUCTS_DIR)/ApplePie_Manno.app/ApplePie_Manno";
			};
			name = Debug;
		};
		276FEDEB270E3C26006808F2 /* Release */ = {
			isa = XCBuildConfiguration;
			buildSettings = {
				ALWAYS_EMBED_SWIFT_STANDARD_LIBRARIES = YES;
				BUNDLE_LOADER = "$(TEST_HOST)";
				CODE_SIGN_STYLE = Automatic;
				DEVELOPMENT_TEAM = YW3ANG76MZ;
				INFOPLIST_FILE = ApplePie_MannoTests/Info.plist;
				IPHONEOS_DEPLOYMENT_TARGET = 14.5;
				LD_RUNPATH_SEARCH_PATHS = (
					"$(inherited)",
					"@executable_path/Frameworks",
					"@loader_path/Frameworks",
				);
				PRODUCT_BUNDLE_IDENTIFIER = "com.stevenmanno.ApplePie-MannoTests";
				PRODUCT_NAME = "$(TARGET_NAME)";
				SWIFT_VERSION = 5.0;
				TARGETED_DEVICE_FAMILY = "1,2";
				TEST_HOST = "$(BUILT_PRODUCTS_DIR)/ApplePie_Manno.app/ApplePie_Manno";
			};
			name = Release;
		};
		276FEDED270E3C26006808F2 /* Debug */ = {
			isa = XCBuildConfiguration;
			buildSettings = {
				ALWAYS_EMBED_SWIFT_STANDARD_LIBRARIES = YES;
				CODE_SIGN_STYLE = Automatic;
				DEVELOPMENT_TEAM = YW3ANG76MZ;
				INFOPLIST_FILE = ApplePie_MannoUITests/Info.plist;
				LD_RUNPATH_SEARCH_PATHS = (
					"$(inherited)",
					"@executable_path/Frameworks",
					"@loader_path/Frameworks",
				);
				PRODUCT_BUNDLE_IDENTIFIER = "com.stevenmanno.ApplePie-MannoUITests";
				PRODUCT_NAME = "$(TARGET_NAME)";
				SWIFT_VERSION = 5.0;
				TARGETED_DEVICE_FAMILY = "1,2";
				TEST_TARGET_NAME = ApplePie_Manno;
			};
			name = Debug;
		};
		276FEDEE270E3C26006808F2 /* Release */ = {
			isa = XCBuildConfiguration;
			buildSettings = {
				ALWAYS_EMBED_SWIFT_STANDARD_LIBRARIES = YES;
				CODE_SIGN_STYLE = Automatic;
				DEVELOPMENT_TEAM = YW3ANG76MZ;
				INFOPLIST_FILE = ApplePie_MannoUITests/Info.plist;
				LD_RUNPATH_SEARCH_PATHS = (
					"$(inherited)",
					"@executable_path/Frameworks",
					"@loader_path/Frameworks",
				);
				PRODUCT_BUNDLE_IDENTIFIER = "com.stevenmanno.ApplePie-MannoUITests";
				PRODUCT_NAME = "$(TARGET_NAME)";
				SWIFT_VERSION = 5.0;
				TARGETED_DEVICE_FAMILY = "1,2";
				TEST_TARGET_NAME = ApplePie_Manno;
			};
			name = Release;
		};
/* End XCBuildConfiguration section */

/* Begin XCConfigurationList section */
		276FEDB7270E3C24006808F2 /* Build configuration list for PBXProject "ApplePie_Manno" */ = {
			isa = XCConfigurationList;
			buildConfigurations = (
				276FEDE4270E3C26006808F2 /* Debug */,
				276FEDE5270E3C26006808F2 /* Release */,
			);
			defaultConfigurationIsVisible = 0;
			defaultConfigurationName = Release;
		};
		276FEDE6270E3C26006808F2 /* Build configuration list for PBXNativeTarget "ApplePie_Manno" */ = {
			isa = XCConfigurationList;
			buildConfigurations = (
				276FEDE7270E3C26006808F2 /* Debug */,
				276FEDE8270E3C26006808F2 /* Release */,
			);
			defaultConfigurationIsVisible = 0;
			defaultConfigurationName = Release;
		};
		276FEDE9270E3C26006808F2 /* Build configuration list for PBXNativeTarget "ApplePie_MannoTests" */ = {
			isa = XCConfigurationList;
			buildConfigurations = (
				276FEDEA270E3C26006808F2 /* Debug */,
				276FEDEB270E3C26006808F2 /* Release */,
			);
			defaultConfigurationIsVisible = 0;
			defaultConfigurationName = Release;
		};
		276FEDEC270E3C26006808F2 /* Build configuration list for PBXNativeTarget "ApplePie_MannoUITests" */ = {
			isa = XCConfigurationList;
			buildConfigurations = (
				276FEDED270E3C26006808F2 /* Debug */,
				276FEDEE270E3C26006808F2 /* Release */,
			);
			defaultConfigurationIsVisible = 0;
			defaultConfigurationName = Release;
		};
/* End XCConfigurationList section */
	};
	rootObject = 276FEDB4270E3C24006808F2 /* Project object */;
}
